{
    "_meta": {
        "hash": {
            "sha256": "65bd12cf925a59d216c2eb3aa9cab23d4c31c0e8117e07276b5924198a687bdb"
        },
        "pipfile-spec": 6,
        "requires": {
            "python_version": "3.9"
        },
        "sources": [
            {
                "name": "pypi",
                "url": "https://pypi.org/simple",
                "verify_ssl": true
            }
        ]
    },
    "default": {
        "attrs": {
            "hashes": [
                "sha256:2d27e3784d7a565d36ab851fe94887c5eccd6a463168875832a1be79c82828b4",
                "sha256:626ba8234211db98e869df76230a137c4c40a12d72445c45d5f5b716f076e2fd"
            ],
            "markers": "python_version >= '2.7' and python_version not in '3.0, 3.1, 3.2, 3.3, 3.4'",
            "version": "==21.4.0"
        },
        "effect": {
            "hashes": [
                "sha256:01ad6456b806819f9a2aa092c11321f89113028197f2e85170556f8fb87c0f4b",
                "sha256:7affb603707c648b07b11781ebb793a4b9aee8acf1ac5764c3ed2112adf0c9ea"
            ],
            "index": "pypi",
            "version": "==1.1.0"
        }
    },
    "develop": {}
}
